
Microsoft Visual Studio Solution File, Format Version 12.00
# Visual Studio Version 17
VisualStudioVersion = 17.14.36623.8
MinimumVisualStudioVersion = 10.0.40219.1
Project("{FAE04EC0-301F-11D3-BF4B-00C04F79EFBC}") = "TicketSystem", "TicketSystem\TicketSystem.csproj", "{DDE1E76D-1410-31ED-68D4-D77336E1B2BD}"
EndProject
Project("{FAE04EC0-301F-11D3-BF4B-00C04F79EFBC}") = "TicketSystem.Desktop", "TicketSystem.Desktop\TicketSystem.Desktop.csproj", "{C33DC6F1-5455-D265-1166-3CFB11ED5DDD}"
EndProject
Global
	GlobalSection(SolutionConfigurationPlatforms) = preSolution
		Debug|Any CPU = Debug|Any CPU
		Release|Any CPU = Release|Any CPU
	EndGlobalSection
	GlobalSection(ProjectConfigurationPlatforms) = postSolution
		{DDE1E76D-1410-31ED-68D4-D77336E1B2BD}.Debug|Any CPU.ActiveCfg = Debug|Any CPU
		{DDE1E76D-1410-31ED-68D4-D77336E1B2BD}.Debug|Any CPU.Build.0 = Debug|Any CPU
		{DDE1E76D-1410-31ED-68D4-D77336E1B2BD}.Release|Any CPU.ActiveCfg = Release|Any CPU
		{DDE1E76D-1410-31ED-68D4-D77336E1B2BD}.Release|Any CPU.Build.0 = Release|Any CPU
		{C33DC6F1-5455-D265-1166-3CFB11ED5DDD}.Debug|Any CPU.ActiveCfg = Debug|Any CPU
		{C33DC6F1-5455-D265-1166-3CFB11ED5DDD}.Debug|Any CPU.Build.0 = Debug|Any CPU
		{C33DC6F1-5455-D265-1166-3CFB11ED5DDD}.Release|Any CPU.ActiveCfg = Release|Any CPU
		{C33DC6F1-5455-D265-1166-3CFB11ED5DDD}.Release|Any CPU.Build.0 = Release|Any CPU
	EndGlobalSection
	GlobalSection(SolutionProperties) = preSolution
		HideSolutionNode = FALSE
	EndGlobalSection
	GlobalSection(ExtensibilityGlobals) = postSolution
		SolutionGuid = {F4944ECE-124B-498E-BBEE-600BFB0F8F2E}
	EndGlobalSection
EndGlobal
